// !$*UTF8*$!
{
	archiveVersion = 1;
	classes = {
	};
	objectVersion = 56;
	objects = {

/* Begin PBXBuildFile section */
		160D735B2C5968F4005A690C /* AppDelegate.swift in Sources */ = {isa = PBXBuildFile; fileRef = 160D735A2C5968F4005A690C /* AppDelegate.swift */; };
		160D735D2C5968F4005A690C /* SceneDelegate.swift in Sources */ = {isa = PBXBuildFile; fileRef = 160D735C2C5968F4005A690C /* SceneDelegate.swift */; };
		160D73642C5968F6005A690C /* Assets.xcassets in Resources */ = {isa = PBXBuildFile; fileRef = 160D73632C5968F6005A690C /* Assets.xcassets */; };
		160D73672C5968F6005A690C /* LaunchScreen.storyboard in Resources */ = {isa = PBXBuildFile; fileRef = 160D73652C5968F6005A690C /* LaunchScreen.storyboard */; };
		160D73762C5969CB005A690C /* ToDoListCell.swift in Sources */ = {isa = PBXBuildFile; fileRef = 160D73752C5969CB005A690C /* ToDoListCell.swift */; };
		160D73792C596A55005A690C /* SnapKit in Frameworks */ = {isa = PBXBuildFile; productRef = 160D73782C596A55005A690C /* SnapKit */; };
		160D737B2C596A81005A690C /* ToDoListViewController.swift in Sources */ = {isa = PBXBuildFile; fileRef = 160D737A2C596A81005A690C /* ToDoListViewController.swift */; };
		160D737E2C596AA0005A690C /* CoreData.xcdatamodeld in Sources */ = {isa = PBXBuildFile; fileRef = 160D737C2C596AA0005A690C /* CoreData.xcdatamodeld */; };
		160D73812C596AEE005A690C /* Task+CoreDataClass.swift in Sources */ = {isa = PBXBuildFile; fileRef = 160D737F2C596AEE005A690C /* Task+CoreDataClass.swift */; };
		160D73822C596AEE005A690C /* Task+CoreDataProperties.swift in Sources */ = {isa = PBXBuildFile; fileRef = 160D73802C596AEE005A690C /* Task+CoreDataProperties.swift */; };
		167E3CA12C5A4B3200F87F14 /* CoreDataService.swift in Sources */ = {isa = PBXBuildFile; fileRef = 167E3CA02C5A4B3200F87F14 /* CoreDataService.swift */; };
		167E3CA32C5A4E4D00F87F14 /* ToDoListViewModel.swift in Sources */ = {isa = PBXBuildFile; fileRef = 167E3CA22C5A4E4D00F87F14 /* ToDoListViewModel.swift */; };
/* End PBXBuildFile section */

/* Begin PBXFileReference section */
		160D73572C5968F4005A690C /* ToDoListWithCoreData.app */ = {isa = PBXFileReference; explicitFileType = wrapper.application; includeInIndex = 0; path = ToDoListWithCoreData.app; sourceTree = BUILT_PRODUCTS_DIR; };
		160D735A2C5968F4005A690C /* AppDelegate.swift */ = {isa = PBXFileReference; lastKnownFileType = sourcecode.swift; path = AppDelegate.swift; sourceTree = "<group>"; };
		160D735C2C5968F4005A690C /* SceneDelegate.swift */ = {isa = PBXFileReference; lastKnownFileType = sourcecode.swift; path = SceneDelegate.swift; sourceTree = "<group>"; };
		160D73632C5968F6005A690C /* Assets.xcassets */ = {isa = PBXFileReference; lastKnownFileType = folder.assetcatalog; path = Assets.xcassets; sourceTree = "<group>"; };
		160D73662C5968F6005A690C /* Base */ = {isa = PBXFileReference; lastKnownFileType = file.storyboard; name = Base; path = Base.lproj/LaunchScreen.storyboard; sourceTree = "<group>"; };
		160D73682C5968F6005A690C /* Info.plist */ = {isa = PBXFileReference; lastKnownFileType = text.plist.xml; path = Info.plist; sourceTree = "<group>"; };
		160D73752C5969CB005A690C /* ToDoListCell.swift */ = {isa = PBXFileReference; lastKnownFileType = sourcecode.swift; path = ToDoListCell.swift; sourceTree = "<group>"; };
		160D737A2C596A81005A690C /* ToDoListViewController.swift */ = {isa = PBXFileReference; lastKnownFileType = sourcecode.swift; path = ToDoListViewController.swift; sourceTree = "<group>"; };
		160D737D2C596AA0005A690C /* CoreData.xcdatamodel */ = {isa = PBXFileReference; lastKnownFileType = wrapper.xcdatamodel; path = CoreData.xcdatamodel; sourceTree = "<group>"; };
		160D737F2C596AEE005A690C /* Task+CoreDataClass.swift */ = {isa = PBXFileReference; lastKnownFileType = sourcecode.swift; path = "Task+CoreDataClass.swift"; sourceTree = "<group>"; };
		160D73802C596AEE005A690C /* Task+CoreDataProperties.swift */ = {isa = PBXFileReference; lastKnownFileType = sourcecode.swift; path = "Task+CoreDataProperties.swift"; sourceTree = "<group>"; };
		167E3CA02C5A4B3200F87F14 /* CoreDataService.swift */ = {isa = PBXFileReference; lastKnownFileType = sourcecode.swift; path = CoreDataService.swift; sourceTree = "<group>"; };
		167E3CA22C5A4E4D00F87F14 /* ToDoListViewModel.swift */ = {isa = PBXFileReference; lastKnownFileType = sourcecode.swift; path = ToDoListViewModel.swift; sourceTree = "<group>"; };
/* End PBXFileReference section */

/* Begin PBXFrameworksBuildPhase section */
		160D73542C5968F4005A690C /* Frameworks */ = {
			isa = PBXFrameworksBuildPhase;
			buildActionMask = 2147483647;
			files = (
				160D73792C596A55005A690C /* SnapKit in Frameworks */,
			);
			runOnlyForDeploymentPostprocessing = 0;
		};
/* End PBXFrameworksBuildPhase section */

/* Begin PBXGroup section */
		160D734E2C5968F4005A690C = {
			isa = PBXGroup;
			children = (
				160D737F2C596AEE005A690C /* Task+CoreDataClass.swift */,
				160D73802C596AEE005A690C /* Task+CoreDataProperties.swift */,
				160D73592C5968F4005A690C /* ToDoListWithCoreData */,
				160D73582C5968F4005A690C /* Products */,
			);
			sourceTree = "<group>";
		};
		160D73582C5968F4005A690C /* Products */ = {
			isa = PBXGroup;
			children = (
				160D73572C5968F4005A690C /* ToDoListWithCoreData.app */,
			);
			name = Products;
			sourceTree = "<group>";
		};
		160D73592C5968F4005A690C /* ToDoListWithCoreData */ = {
			isa = PBXGroup;
			children = (
				160D736E2C596914005A690C /* App */,
				160D73702C596934005A690C /* Modules */,
				167E3C9F2C5A4B1D00F87F14 /* Services */,
				160D736F2C59691F005A690C /* Resourse */,
				160D73682C5968F6005A690C /* Info.plist */,
				160D737C2C596AA0005A690C /* CoreData.xcdatamodeld */,
			);
			path = ToDoListWithCoreData;
			sourceTree = "<group>";
		};
		160D736E2C596914005A690C /* App */ = {
			isa = PBXGroup;
			children = (
				160D735C2C5968F4005A690C /* SceneDelegate.swift */,
				160D735A2C5968F4005A690C /* AppDelegate.swift */,
			);
			path = App;
			sourceTree = "<group>";
		};
		160D736F2C59691F005A690C /* Resourse */ = {
			isa = PBXGroup;
			children = (
				160D73652C5968F6005A690C /* LaunchScreen.storyboard */,
				160D73632C5968F6005A690C /* Assets.xcassets */,
			);
			path = Resourse;
			sourceTree = "<group>";
		};
		160D73702C596934005A690C /* Modules */ = {
			isa = PBXGroup;
			children = (
				160D73712C59693C005A690C /* Model */,
				160D73732C596966005A690C /* ViewController */,
				160D73722C59695F005A690C /* ViewModel */,
			);
			path = Modules;
			sourceTree = "<group>";
		};
		160D73712C59693C005A690C /* Model */ = {
			isa = PBXGroup;
			children = (
			);
			path = Model;
			sourceTree = "<group>";
		};
		160D73722C59695F005A690C /* ViewModel */ = {
			isa = PBXGroup;
			children = (
				167E3CA22C5A4E4D00F87F14 /* ToDoListViewModel.swift */,
			);
			path = ViewModel;
			sourceTree = "<group>";
		};
		160D73732C596966005A690C /* ViewController */ = {
			isa = PBXGroup;
			children = (
				160D73742C596985005A690C /* Cell */,
				160D737A2C596A81005A690C /* ToDoListViewController.swift */,
			);
			path = ViewController;
			sourceTree = "<group>";
		};
		160D73742C596985005A690C /* Cell */ = {
			isa = PBXGroup;
			children = (
				160D73752C5969CB005A690C /* ToDoListCell.swift */,
			);
			path = Cell;
			sourceTree = "<group>";
		};
		167E3C9F2C5A4B1D00F87F14 /* Services */ = {
			isa = PBXGroup;
			children = (
				167E3CA02C5A4B3200F87F14 /* CoreDataService.swift */,
			);
			path = Services;
			sourceTree = "<group>";
		};
/* End PBXGroup section */

/* Begin PBXNativeTarget section */
		160D73562C5968F4005A690C /* ToDoListWithCoreData */ = {
			isa = PBXNativeTarget;
			buildConfigurationList = 160D736B2C5968F6005A690C /* Build configuration list for PBXNativeTarget "ToDoListWithCoreData" */;
			buildPhases = (
				160D73532C5968F4005A690C /* Sources */,
				160D73542C5968F4005A690C /* Frameworks */,
				160D73552C5968F4005A690C /* Resources */,
			);
			buildRules = (
			);
			dependencies = (
			);
			name = ToDoListWithCoreData;
			packageProductDependencies = (
				160D73782C596A55005A690C /* SnapKit */,
			);
			productName = ToDoListWithCoreData;
			productReference = 160D73572C5968F4005A690C /* ToDoListWithCoreData.app */;
			productType = "com.apple.product-type.application";
		};
/* End PBXNativeTarget section */

/* Begin PBXProject section */
		160D734F2C5968F4005A690C /* Project object */ = {
			isa = PBXProject;
			attributes = {
				BuildIndependentTargetsInParallel = 1;
				LastSwiftUpdateCheck = 1520;
				LastUpgradeCheck = 1520;
				TargetAttributes = {
					160D73562C5968F4005A690C = {
						CreatedOnToolsVersion = 15.2;
					};
				};
			};
			buildConfigurationList = 160D73522C5968F4005A690C /* Build configuration list for PBXProject "ToDoListWithCoreData" */;
			compatibilityVersion = "Xcode 14.0";
			developmentRegion = en;
			hasScannedForEncodings = 0;
			knownRegions = (
				en,
				Base,
			);
			mainGroup = 160D734E2C5968F4005A690C;
			packageReferences = (
				160D73772C596A55005A690C /* XCRemoteSwiftPackageReference "SnapKit" */,
			);
			productRefGroup = 160D73582C5968F4005A690C /* Products */;
			projectDirPath = "";
			projectRoot = "";
			targets = (
				160D73562C5968F4005A690C /* ToDoListWithCoreData */,
			);
		};
/* End PBXProject section */

/* Begin PBXResourcesBuildPhase section */
		160D73552C5968F4005A690C /* Resources */ = {
			isa = PBXResourcesBuildPhase;
			buildActionMask = 2147483647;
			files = (
				160D73672C5968F6005A690C /* LaunchScreen.storyboard in Resources */,
				160D73642C5968F6005A690C /* Assets.xcassets in Resources */,
			);
			runOnlyForDeploymentPostprocessing = 0;
		};
/* End PBXResourcesBuildPhase section */

/* Begin PBXSourcesBuildPhase section */
		160D73532C5968F4005A690C /* Sources */ = {
			isa = PBXSourcesBuildPhase;
			buildActionMask = 2147483647;
			files = (
				167E3CA32C5A4E4D00F87F14 /* ToDoListViewModel.swift in Sources */,
				160D737B2C596A81005A690C /* ToDoListViewController.swift in Sources */,
				160D735B2C5968F4005A690C /* AppDelegate.swift in Sources */,
				160D737E2C596AA0005A690C /* CoreData.xcdatamodeld in Sources */,
				160D735D2C5968F4005A690C /* SceneDelegate.swift in Sources */,
				167E3CA12C5A4B3200F87F14 /* CoreDataService.swift in Sources */,
				160D73822C596AEE005A690C /* Task+CoreDataProperties.swift in Sources */,
				160D73812C596AEE005A690C /* Task+CoreDataClass.swift in Sources */,
				160D73762C5969CB005A690C /* ToDoListCell.swift in Sources */,
			);
			runOnlyForDeploymentPostprocessing = 0;
		};
/* End PBXSourcesBuildPhase section */

/* Begin PBXVariantGroup section */
		160D73652C5968F6005A690C /* LaunchScreen.storyboard */ = {
			isa = PBXVariantGroup;
			children = (
				160D73662C5968F6005A690C /* Base */,
			);
			name = LaunchScreen.storyboard;
			sourceTree = "<group>";
		};
/* End PBXVariantGroup section */

/* Begin XCBuildConfiguration section */
		160D73692C5968F6005A690C /* Debug */ = {
			isa = XCBuildConfiguration;
			buildSettings = {
				ALWAYS_SEARCH_USER_PATHS = NO;
				ASSETCATALOG_COMPILER_GENERATE_SWIFT_ASSET_SYMBOL_EXTENSIONS = YES;
				CLANG_ANALYZER_NONNULL = YES;
				CLANG_ANALYZER_NUMBER_OBJECT_CONVERSION = YES_AGGRESSIVE;
				CLANG_CXX_LANGUAGE_STANDARD = "gnu++20";
				CLANG_ENABLE_MODULES = YES;
				CLANG_ENABLE_OBJC_ARC = YES;
				CLANG_ENABLE_OBJC_WEAK = YES;
				CLANG_WARN_BLOCK_CAPTURE_AUTORELEASING = YES;
				CLANG_WARN_BOOL_CONVERSION = YES;
				CLANG_WARN_COMMA = YES;
				CLANG_WARN_CONSTANT_CONVERSION = YES;
				CLANG_WARN_DEPRECATED_OBJC_IMPLEMENTATIONS = YES;
				CLANG_WARN_DIRECT_OBJC_ISA_USAGE = YES_ERROR;
				CLANG_WARN_DOCUMENTATION_COMMENTS = YES;
				CLANG_WARN_EMPTY_BODY = YES;
				CLANG_WARN_ENUM_CONVERSION = YES;
				CLANG_WARN_INFINITE_RECURSION = YES;
				CLANG_WARN_INT_CONVERSION = YES;
				CLANG_WARN_NON_LITERAL_NULL_CONVERSION = YES;
				CLANG_WARN_OBJC_IMPLICIT_RETAIN_SELF = YES;
				CLANG_WARN_OBJC_LITERAL_CONVERSION = YES;
				CLANG_WARN_OBJC_ROOT_CLASS = YES_ERROR;
				CLANG_WARN_QUOTED_INCLUDE_IN_FRAMEWORK_HEADER = YES;
				CLANG_WARN_RANGE_LOOP_ANALYSIS = YES;
				CLANG_WARN_STRICT_PROTOTYPES = YES;
				CLANG_WARN_SUSPICIOUS_MOVE = YES;
				CLANG_WARN_UNGUARDED_AVAILABILITY = YES_AGGRESSIVE;
				CLANG_WARN_UNREACHABLE_CODE = YES;
				CLANG_WARN__DUPLICATE_METHOD_MATCH = YES;
				COPY_PHASE_STRIP = NO;
				DEBUG_INFORMATION_FORMAT = dwarf;
				ENABLE_STRICT_OBJC_MSGSEND = YES;
				ENABLE_TESTABILITY = YES;
				ENABLE_USER_SCRIPT_SANDBOXING = YES;
				GCC_C_LANGUAGE_STANDARD = gnu17;
				GCC_DYNAMIC_NO_PIC = NO;
				GCC_NO_COMMON_BLOCKS = YES;
				GCC_OPTIMIZATION_LEVEL = 0;
				GCC_PREPROCESSOR_DEFINITIONS = (
					"DEBUG=1",
					"$(inherited)",
				);
				GCC_WARN_64_TO_32_BIT_CONVERSION = YES;
				GCC_WARN_ABOUT_RETURN_TYPE = YES_ERROR;
				GCC_WARN_UNDECLARED_SELECTOR = YES;
				GCC_WARN_UNINITIALIZED_AUTOS = YES_AGGRESSIVE;
				GCC_WARN_UNUSED_FUNCTION = YES;
				GCC_WARN_UNUSED_VARIABLE = YES;
				IPHONEOS_DEPLOYMENT_TARGET = 17.2;
				LOCALIZATION_PREFERS_STRING_CATALOGS = YES;
				MTL_ENABLE_DEBUG_INFO = INCLUDE_SOURCE;
				MTL_FAST_MATH = YES;
				ONLY_ACTIVE_ARCH = YES;
				SDKROOT = iphoneos;
				SWIFT_ACTIVE_COMPILATION_CONDITIONS = "DEBUG $(inherited)";
				SWIFT_OPTIMIZATION_LEVEL = "-Onone";
			};
			name = Debug;
		};
		160D736A2C5968F6005A690C /* Release */ = {
			isa = XCBuildConfiguration;
			buildSettings = {
				ALWAYS_SEARCH_USER_PATHS = NO;
				ASSETCATALOG_COMPILER_GENERATE_SWIFT_ASSET_SYMBOL_EXTENSIONS = YES;
				CLANG_ANALYZER_NONNULL = YES;
				CLANG_ANALYZER_NUMBER_OBJECT_CONVERSION = YES_AGGRESSIVE;
				CLANG_CXX_LANGUAGE_STANDARD = "gnu++20";
				CLANG_ENABLE_MODULES = YES;
				CLANG_ENABLE_OBJC_ARC = YES;
				CLANG_ENABLE_OBJC_WEAK = YES;
				CLANG_WARN_BLOCK_CAPTURE_AUTORELEASING = YES;
				CLANG_WARN_BOOL_CONVERSION = YES;
				CLANG_WARN_COMMA = YES;
				CLANG_WARN_CONSTANT_CONVERSION = YES;
				CLANG_WARN_DEPRECATED_OBJC_IMPLEMENTATIONS = YES;
				CLANG_WARN_DIRECT_OBJC_ISA_USAGE = YES_ERROR;
				CLANG_WARN_DOCUMENTATION_COMMENTS = YES;
				CLANG_WARN_EMPTY_BODY = YES;
				CLANG_WARN_ENUM_CONVERSION = YES;
				CLANG_WARN_INFINITE_RECURSION = YES;
				CLANG_WARN_INT_CONVERSION = YES;
				CLANG_WARN_NON_LITERAL_NULL_CONVERSION = YES;
				CLANG_WARN_OBJC_IMPLICIT_RETAIN_SELF = YES;
				CLANG_WARN_OBJC_LITERAL_CONVERSION = YES;
				CLANG_WARN_OBJC_ROOT_CLASS = YES_ERROR;
				CLANG_WARN_QUOTED_INCLUDE_IN_FRAMEWORK_HEADER = YES;
				CLANG_WARN_RANGE_LOOP_ANALYSIS = YES;
				CLANG_WARN_STRICT_PROTOTYPES = YES;
				CLANG_WARN_SUSPICIOUS_MOVE = YES;
				CLANG_WARN_UNGUARDED_AVAILABILITY = YES_AGGRESSIVE;
				CLANG_WARN_UNREACHABLE_CODE = YES;
				CLANG_WARN__DUPLICATE_METHOD_MATCH = YES;
				COPY_PHASE_STRIP = NO;
				DEBUG_INFORMATION_FORMAT = "dwarf-with-dsym";
				ENABLE_NS_ASSERTIONS = NO;
				ENABLE_STRICT_OBJC_MSGSEND = YES;
				ENABLE_USER_SCRIPT_SANDBOXING = YES;
				GCC_C_LANGUAGE_STANDARD = gnu17;
				GCC_NO_COMMON_BLOCKS = YES;
				GCC_WARN_64_TO_32_BIT_CONVERSION = YES;
				GCC_WARN_ABOUT_RETURN_TYPE = YES_ERROR;
				GCC_WARN_UNDECLARED_SELECTOR = YES;
				GCC_WARN_UNINITIALIZED_AUTOS = YES_AGGRESSIVE;
				GCC_WARN_UNUSED_FUNCTION = YES;
				GCC_WARN_UNUSED_VARIABLE = YES;
				IPHONEOS_DEPLOYMENT_TARGET = 17.2;
				LOCALIZATION_PREFERS_STRING_CATALOGS = YES;
				MTL_ENABLE_DEBUG_INFO = NO;
				MTL_FAST_MATH = YES;
				SDKROOT = iphoneos;
				SWIFT_COMPILATION_MODE = wholemodule;
				VALIDATE_PRODUCT = YES;
			};
			name = Release;
		};
		160D736C2C5968F6005A690C /* Debug */ = {
			isa = XCBuildConfiguration;
			buildSettings = {
				ASSETCATALOG_COMPILER_APPICON_NAME = AppIcon;
				ASSETCATALOG_COMPILER_GLOBAL_ACCENT_COLOR_NAME = AccentColor;
				CODE_SIGN_STYLE = Automatic;
				CURRENT_PROJECT_VERSION = 1;
				GENERATE_INFOPLIST_FILE = YES;
				INFOPLIST_FILE = ToDoListWithCoreData/Info.plist;
				INFOPLIST_KEY_UIApplicationSupportsIndirectInputEvents = YES;
				INFOPLIST_KEY_UILaunchStoryboardName = LaunchScreen;
				INFOPLIST_KEY_UISupportedInterfaceOrientations_iPad = "UIInterfaceOrientationPortrait UIInterfaceOrientationPortraitUpsideDown UIInterfaceOrientationLandscapeLeft UIInterfaceOrientationLandscapeRight";
				INFOPLIST_KEY_UISupportedInterfaceOrientations_iPhone = "UIInterfaceOrientationPortrait UIInterfaceOrientationLandscapeLeft UIInterfaceOrientationLandscapeRight";
				LD_RUNPATH_SEARCH_PATHS = (
					"$(inherited)",
					"@executable_path/Frameworks",
				);
				MARKETING_VERSION = 1.0;
				PRODUCT_BUNDLE_IDENTIFIER = Erma.ToDoListWithCoreData;
				PRODUCT_NAME = "$(TARGET_NAME)";
				SWIFT_EMIT_LOC_STRINGS = YES;
				SWIFT_VERSION = 5.0;
				TARGETED_DEVICE_FAMILY = "1,2";
			};
			name = Debug;
		};
		160D736D2C5968F6005A690C /* Release */ = {
			isa = XCBuildConfiguration;
			buildSettings = {
				ASSETCATALOG_COMPILER_APPICON_NAME = AppIcon;
				ASSETCATALOG_COMPILER_GLOBAL_ACCENT_COLOR_NAME = AccentColor;
				CODE_SIGN_STYLE = Automatic;
				CURRENT_PROJECT_VERSION = 1;
				GENERATE_INFOPLIST_FILE = YES;
				INFOPLIST_FILE = ToDoListWithCoreData/Info.plist;
				INFOPLIST_KEY_UIApplicationSupportsIndirectInputEvents = YES;
				INFOPLIST_KEY_UILaunchStoryboardName = LaunchScreen;
				INFOPLIST_KEY_UISupportedInterfaceOrientations_iPad = "UIInterfaceOrientationPortrait UIInterfaceOrientationPortraitUpsideDown UIInterfaceOrientationLandscapeLeft UIInterfaceOrientationLandscapeRight";
				INFOPLIST_KEY_UISupportedInterfaceOrientations_iPhone = "UIInterfaceOrientationPortrait UIInterfaceOrientationLandscapeLeft UIInterfaceOrientationLandscapeRight";
				LD_RUNPATH_SEARCH_PATHS = (
					"$(inherited)",
					"@executable_path/Frameworks",
				);
				MARKETING_VERSION = 1.0;
				PRODUCT_BUNDLE_IDENTIFIER = Erma.ToDoListWithCoreData;
				PRODUCT_NAME = "$(TARGET_NAME)";
				SWIFT_EMIT_LOC_STRINGS = YES;
				SWIFT_VERSION = 5.0;
				TARGETED_DEVICE_FAMILY = "1,2";
			};
			name = Release;
		};
/* End XCBuildConfiguration section */

/* Begin XCConfigurationList section */
		160D73522C5968F4005A690C /* Build configuration list for PBXProject "ToDoListWithCoreData" */ = {
			isa = XCConfigurationList;
			buildConfigurations = (
				160D73692C5968F6005A690C /* Debug */,
				160D736A2C5968F6005A690C /* Release */,
			);
			defaultConfigurationIsVisible = 0;
			defaultConfigurationName = Release;
		};
		160D736B2C5968F6005A690C /* Build configuration list for PBXNativeTarget "ToDoListWithCoreData" */ = {
			isa = XCConfigurationList;
			buildConfigurations = (
				160D736C2C5968F6005A690C /* Debug */,
				160D736D2C5968F6005A690C /* Release */,
			);
			defaultConfigurationIsVisible = 0;
			defaultConfigurationName = Release;
		};
/* End XCConfigurationList section */

/* Begin XCRemoteSwiftPackageReference section */
		160D73772C596A55005A690C /* XCRemoteSwiftPackageReference "SnapKit" */ = {
			isa = XCRemoteSwiftPackageReference;
			repositoryURL = "https://github.com/SnapKit/SnapKit.git";
			requirement = {
				kind = upToNextMajorVersion;
				minimumVersion = 5.7.1;
			};
		};
/* End XCRemoteSwiftPackageReference section */

/* Begin XCSwiftPackageProductDependency section */
		160D73782C596A55005A690C /* SnapKit */ = {
			isa = XCSwiftPackageProductDependency;
			package = 160D73772C596A55005A690C /* XCRemoteSwiftPackageReference "SnapKit" */;
			productName = SnapKit;
		};
/* End XCSwiftPackageProductDependency section */

/* Begin XCVersionGroup section */
		160D737C2C596AA0005A690C /* CoreData.xcdatamodeld */ = {
			isa = XCVersionGroup;
			children = (
				160D737D2C596AA0005A690C /* CoreData.xcdatamodel */,
			);
			currentVersion = 160D737D2C596AA0005A690C /* CoreData.xcdatamodel */;
			path = CoreData.xcdatamodeld;
			sourceTree = "<group>";
			versionGroupType = wrapper.xcdatamodel;
		};
/* End XCVersionGroup section */
	};
	rootObject = 160D734F2C5968F4005A690C /* Project object */;
}
